
Microsoft Visual Studio Solution File, Format Version 12.00
# Visual Studio Version 16
VisualStudioVersion = 16.0.31702.278
MinimumVisualStudioVersion = 10.0.40219.1
Project("{FAE04EC0-301F-11D3-BF4B-00C04F79EFBC}") = "WindowsFormTrivial", "WindowsFormTrivial.csproj", "{5A4F7515-B4DC-436D-BE85-46D1C5A1A95B}"
EndProject
Global
	GlobalSection(SolutionConfigurationPlatforms) = preSolution
		Debug|Any CPU = Debug|Any CPU
		Release|Any CPU = Release|Any CPU
	EndGlobalSection
	GlobalSection(ProjectConfigurationPlatforms) = postSolution
		{5A4F7515-B4DC-436D-BE85-46D1C5A1A95B}.Debug|Any CPU.ActiveCfg = Debug|Any CPU
		{5A4F7515-B4DC-436D-BE85-46D1C5A1A95B}.Debug|Any CPU.Build.0 = Debug|Any CPU
		{5A4F7515-B4DC-436D-BE85-46D1C5A1A95B}.Release|Any CPU.ActiveCfg = Release|Any CPU
		{5A4F7515-B4DC-436D-BE85-46D1C5A1A95B}.Release|Any CPU.Build.0 = Release|Any CPU
	EndGlobalSection
	GlobalSection(SolutionProperties) = preSolution
		HideSolutionNode = FALSE
	EndGlobalSection
	GlobalSection(ExtensibilityGlobals) = postSolution
		SolutionGuid = {DC229713-CA28-4905-864A-40752EFE86B1}
	EndGlobalSection
EndGlobal
